
Microsoft Visual Studio Solution File, Format Version 12.00
# Visual Studio 2012
Project("{FAE04EC0-301F-11D3-BF4B-00C04F79EFBC}") = "ChineseRestaurant", "ChineseRestaurant\ChineseRestaurant.csproj", "{9C1C7DC1-21D8-41CF-8925-3B11F0C72565}"
EndProject
Global
	GlobalSection(SolutionConfigurationPlatforms) = preSolution
		Debug|Any CPU = Debug|Any CPU
		Release|Any CPU = Release|Any CPU
	EndGlobalSection
	GlobalSection(ProjectConfigurationPlatforms) = postSolution
		{9C1C7DC1-21D8-41CF-8925-3B11F0C72565}.Debug|Any CPU.ActiveCfg = Debug|Any CPU
		{9C1C7DC1-21D8-41CF-8925-3B11F0C72565}.Debug|Any CPU.Build.0 = Debug|Any CPU
		{9C1C7DC1-21D8-41CF-8925-3B11F0C72565}.Release|Any CPU.ActiveCfg = Release|Any CPU
		{9C1C7DC1-21D8-41CF-8925-3B11F0C72565}.Release|Any CPU.Build.0 = Release|Any CPU
	EndGlobalSection
	GlobalSection(SolutionProperties) = preSolution
		HideSolutionNode = FALSE
	EndGlobalSection
EndGlobal
